# This file is automatically @generated by pesde.
# It is not intended for manual editing.
format = 2
name = "jsdotluau/polyfill"
version = "0.1.0"
target = "lune"

[workspace."jsdotluau/arrayat"]
luau = "dist/ArrayAt"

[workspace."jsdotluau/arrayconcat"]
luau = "dist/ArrayConcat"

[workspace."jsdotluau/arrayentries"]
luau = "dist/ArrayEntries"

[workspace."jsdotluau/arrayevery"]
luau = "dist/ArrayEvery"

[workspace."jsdotluau/arrayfill"]
luau = "dist/ArrayFill"

[workspace."jsdotluau/arrayfilter"]
luau = "dist/ArrayFilter"

[workspace."jsdotluau/arrayfind"]
luau = "dist/ArrayFind"

[workspace."jsdotluau/arrayfindindex"]
luau = "dist/ArrayFindIndex"

[workspace."jsdotluau/arrayflat"]
luau = "dist/ArrayFlat"

[workspace."jsdotluau/arrayflatmap"]
luau = "dist/ArrayFlatMap"

[workspace."jsdotluau/arrayforeach"]
luau = "dist/ArrayForEach"

[workspace."jsdotluau/arrayfrom"]
luau = "dist/ArrayFrom"

[workspace."jsdotluau/arrayincludes"]
luau = "dist/ArrayIncludes"

[workspace."jsdotluau/arrayindexof"]
luau = "dist/ArrayIndexOf"

[workspace."jsdotluau/arrayisarray"]
luau = "dist/ArrayIsArray"

[workspace."jsdotluau/arrayjoin"]
luau = "dist/ArrayJoin"

[workspace."jsdotluau/arraymap"]
luau = "dist/ArrayMap"

[workspace."jsdotluau/arraypush"]
luau = "dist/ArrayPush"

[workspace."jsdotluau/arraypusharray"]
luau = "dist/ArrayPushArray"

[workspace."jsdotluau/arrayreduce"]
luau = "dist/ArrayReduce"

[workspace."jsdotluau/arrayreduceright"]
luau = "dist/ArrayReduceRight"

[workspace."jsdotluau/arrayreverse"]
luau = "dist/ArrayReverse"

[workspace."jsdotluau/arraysetlength"]
luau = "dist/ArraySetLength"

[workspace."jsdotluau/arrayslice"]
luau = "dist/ArraySlice"

[workspace."jsdotluau/arraysome"]
luau = "dist/ArraySome"

[workspace."jsdotluau/arraysort"]
luau = "dist/ArraySort"

[workspace."jsdotluau/arraysplice"]
luau = "dist/ArraySplice"

[workspace."jsdotluau/arraytoobject"]
luau = "dist/ArrayToObject"

[workspace."jsdotluau/arraytoreversed"]
luau = "dist/ArrayToReversed"

[workspace."jsdotluau/arraytosorted"]
luau = "dist/ArrayToSorted"

[workspace."jsdotluau/arraytospliced"]
luau = "dist/ArrayToSpliced"

[workspace."jsdotluau/arrayunshift"]
luau = "dist/ArrayUnshift"

[workspace."jsdotluau/arraywith"]
luau = "dist/ArrayWith"

[workspace."jsdotluau/await"]
luau = "dist/Await"

[workspace."jsdotluau/class"]
luau = "dist/Class"

[workspace."jsdotluau/classextends"]
luau = "dist/ClassExtends"

[workspace."jsdotluau/clonedescriptor"]
luau = "dist/CloneDescriptor"

[workspace."jsdotluau/countvarargs"]
luau = "dist/CountVarargs"

[workspace."jsdotluau/decorate"]
luau = "dist/Decorate"

[workspace."jsdotluau/decoratelegacy"]
luau = "dist/DecorateLegacy"

[workspace."jsdotluau/decorateparam"]
luau = "dist/DecorateParam"

[workspace."jsdotluau/delegatedyield"]
luau = "dist/DelegatedYield"

[workspace."jsdotluau/delete"]
luau = "dist/Delete"

[workspace."jsdotluau/descriptorget"]
luau = "dist/DescriptorGet"

[workspace."jsdotluau/descriptorset"]
luau = "dist/DescriptorSet"

[workspace."jsdotluau/error"]
luau = "dist/Error"

[workspace."jsdotluau/functionbind"]
luau = "dist/FunctionBind"

[workspace."jsdotluau/generator"]
luau = "dist/Generator"

[workspace."jsdotluau/instanceof"]
luau = "dist/InstanceOf"

[workspace."jsdotluau/instanceofobject"]
luau = "dist/InstanceOfObject"

[workspace."jsdotluau/iterator"]
luau = "dist/Iterator"

[workspace."jsdotluau/luaiteratorspread"]
luau = "dist/LuaIteratorSpread"

[workspace."jsdotluau/map"]
luau = "dist/Map"

[workspace."jsdotluau/mapgroupby"]
luau = "dist/MapGroupBy"

[workspace."jsdotluau/match"]
luau = "dist/Match"

[workspace."jsdotluau/mathatan2"]
luau = "dist/MathAtan2"

[workspace."jsdotluau/mathmodf"]
luau = "dist/MathModf"

[workspace."jsdotluau/mathsign"]
luau = "dist/MathSign"

[workspace."jsdotluau/mathtrunc"]
luau = "dist/MathTrunc"

[workspace."jsdotluau/new"]
luau = "dist/New"

[workspace."jsdotluau/number"]
luau = "dist/Number"

[workspace."jsdotluau/numberisfinite"]
luau = "dist/NumberIsFinite"

[workspace."jsdotluau/numberisinteger"]
luau = "dist/NumberIsInteger"

[workspace."jsdotluau/numberisnan"]
luau = "dist/NumberIsNaN"

[workspace."jsdotluau/numbertofixed"]
luau = "dist/NumberToFixed"

[workspace."jsdotluau/numbertostring"]
luau = "dist/NumberToString"

[workspace."jsdotluau/objectassign"]
luau = "dist/ObjectAssign"

[workspace."jsdotluau/objectdefineproperty"]
luau = "dist/ObjectDefineProperty"

[workspace."jsdotluau/objectentries"]
luau = "dist/ObjectEntries"

[workspace."jsdotluau/objectfromentries"]
luau = "dist/ObjectFromEntries"

[workspace."jsdotluau/objectgetownpropertydescriptor"]
luau = "dist/ObjectGetOwnPropertyDescriptor"

[workspace."jsdotluau/objectgetownpropertydescriptors"]
luau = "dist/ObjectGetOwnPropertyDescriptors"

[workspace."jsdotluau/objectgroupby"]
luau = "dist/ObjectGroupBy"

[workspace."jsdotluau/objectkeys"]
luau = "dist/ObjectKeys"

[workspace."jsdotluau/objectrest"]
luau = "dist/ObjectRest"

[workspace."jsdotluau/objectvalues"]
luau = "dist/ObjectValues"

[workspace."jsdotluau/parsefloat"]
luau = "dist/ParseFloat"

[workspace."jsdotluau/parseint"]
luau = "dist/ParseInt"

[workspace."jsdotluau/promise"]
luau = "dist/Promise"

[workspace."jsdotluau/promiseall"]
luau = "dist/PromiseAll"

[workspace."jsdotluau/promiseallsettled"]
luau = "dist/PromiseAllSettled"

[workspace."jsdotluau/promiseany"]
luau = "dist/PromiseAny"

[workspace."jsdotluau/promiserace"]
luau = "dist/PromiseRace"

[workspace."jsdotluau/set"]
luau = "dist/Set"

[workspace."jsdotluau/setdescriptor"]
luau = "dist/SetDescriptor"

[workspace."jsdotluau/sourcemaptraceback"]
luau = "dist/SourceMapTraceBack"

[workspace."jsdotluau/sparsearraynew"]
luau = "dist/SparseArrayNew"

[workspace."jsdotluau/sparsearraypush"]
luau = "dist/SparseArrayPush"

[workspace."jsdotluau/sparsearrayspread"]
luau = "dist/SparseArraySpread"

[workspace."jsdotluau/spread"]
luau = "dist/Spread"

[workspace."jsdotluau/stringaccess"]
luau = "dist/StringAccess"

[workspace."jsdotluau/stringcharat"]
luau = "dist/StringCharAt"

[workspace."jsdotluau/stringcharcodeat"]
luau = "dist/StringCharCodeAt"

[workspace."jsdotluau/stringendswith"]
luau = "dist/StringEndsWith"

[workspace."jsdotluau/stringincludes"]
luau = "dist/StringIncludes"

[workspace."jsdotluau/stringpadend"]
luau = "dist/StringPadEnd"

[workspace."jsdotluau/stringpadstart"]
luau = "dist/StringPadStart"

[workspace."jsdotluau/stringreplace"]
luau = "dist/StringReplace"

[workspace."jsdotluau/stringreplaceall"]
luau = "dist/StringReplaceAll"

[workspace."jsdotluau/stringslice"]
luau = "dist/StringSlice"

[workspace."jsdotluau/stringsplit"]
luau = "dist/StringSplit"

[workspace."jsdotluau/stringstartswith"]
luau = "dist/StringStartsWith"

[workspace."jsdotluau/stringsubstr"]
luau = "dist/StringSubstr"

[workspace."jsdotluau/stringsubstring"]
luau = "dist/StringSubstring"

[workspace."jsdotluau/stringtrim"]
luau = "dist/StringTrim"

[workspace."jsdotluau/stringtrimend"]
luau = "dist/StringTrimEnd"

[workspace."jsdotluau/stringtrimstart"]
luau = "dist/StringTrimStart"

[workspace."jsdotluau/symbol"]
luau = "dist/Symbol"

[workspace."jsdotluau/symbolregistry"]
luau = "dist/SymbolRegistry"

[workspace."jsdotluau/typeof"]
luau = "dist/TypeOf"

[workspace."jsdotluau/unpack"]
luau = "dist/Unpack"

[workspace."jsdotluau/using"]
luau = "dist/Using"

[workspace."jsdotluau/usingasync"]
luau = "dist/UsingAsync"

[workspace."jsdotluau/weakmap"]
luau = "dist/WeakMap"

[workspace."jsdotluau/weakset"]
luau = "dist/WeakSet"

[graph."jiwonz/greentea_luau@0.2.0 luau".pkg_ref]
ref_ty = "pesde"
index_url = "https://github.com/pesde-pkg/index"

[graph."jiwonz/luau_disk@0.2.0 luau".pkg_ref]
ref_ty = "pesde"
index_url = "https://github.com/pesde-pkg/index"

[graph."jiwonz/luau_path@0.2.0 luau".dependencies]
luau_disk = ["jiwonz/luau_disk@0.2.0 luau", "standard"]

[graph."jiwonz/luau_path@0.2.0 luau".pkg_ref]
ref_ty = "pesde"
index_url = "https://github.com/pesde-pkg/index"

[graph."jiwonz/luau_path@0.2.0 luau".pkg_ref.dependencies]
luau_disk = [{ name = "jiwonz/luau_disk", version = "^0.2.0", index = "https://github.com/pesde-pkg/index" }, "standard"]

[graph."jiwonz/pathfs@0.6.0 lune"]
direct = ["pathfs", { name = "jiwonz/pathfs", version = "^0.6.0", index = "default" }, "standard"]

[graph."jiwonz/pathfs@0.6.0 lune".dependencies]
greentea = ["jiwonz/greentea_luau@0.2.0 luau", "standard"]
luau_path = ["jiwonz/luau_path@0.2.0 luau", "standard"]

[graph."jiwonz/pathfs@0.6.0 lune".pkg_ref]
ref_ty = "pesde"
index_url = "https://github.com/pesde-pkg/index"

[graph."jiwonz/pathfs@0.6.0 lune".pkg_ref.dependencies]
frktest = [{ name = "itsfrank/frktest", version = "^0.0.4", index = "https://github.com/pesde-pkg/index", target = "luau" }, "dev"]
greentea = [{ name = "jiwonz/greentea_luau", version = "^0.2.0", index = "https://github.com/pesde-pkg/index", target = "luau" }, "standard"]
luau_path = [{ name = "jiwonz/luau_path", version = "^0.2.0", index = "https://github.com/pesde-pkg/index", target = "luau" }, "standard"]
